
Microsoft Visual Studio Solution File, Format Version 12.00
# Visual Studio Version 17
VisualStudioVersion = 17.5.2.0
MinimumVisualStudioVersion = 10.0.40219.1
Project("{FAE04EC0-301F-11D3-BF4B-00C04F79EFBC}") = "API", "API\API.csproj", "{CBFA08EA-AECE-205F-7B85-326FD0B81BAD}"
EndProject
Project("{FAE04EC0-301F-11D3-BF4B-00C04F79EFBC}") = "API.Tests", "API.Tests\API.Tests.csproj", "{7E139F34-F725-410B-9B57-49C086B1F6EF}"
EndProject
Project("{FAE04EC0-301F-11D3-BF4B-00C04F79EFBC}") = "API.Core", "API.Core\API.Core.csproj", "{37AA386D-7184-4CD5-B17C-1F384B9AC231}"
EndProject
Project("{FAE04EC0-301F-11D3-BF4B-00C04F79EFBC}") = "API.Users", "API.Users\API.Users.csproj", "{906862BE-416C-483F-8440-85F39FBC450D}"
EndProject
Project("{FAE04EC0-301F-11D3-BF4B-00C04F79EFBC}") = "API.PaymentMethods", "API.PaymentMethods\API.PaymentMethods.csproj", "{11EB6E96-99A4-488E-8111-24F9BDF71CDD}"
EndProject
Project("{FAE04EC0-301F-11D3-BF4B-00C04F79EFBC}") = "API.Transactions", "API.Transactions\API.Transactions.csproj", "{D54F68FA-476A-4C9E-9F2B-C2DB51BE8E8B}"
EndProject
Project("{FAE04EC0-301F-11D3-BF4B-00C04F79EFBC}") = "API.Categories", "API.Categories\API.Categories.csproj", "{F376CFA7-5940-4A21-95D6-1FB5BE30B947}"
EndProject
Project("{FAE04EC0-301F-11D3-BF4B-00C04F79EFBC}") = "API.Goals", "API.Goals\API.Goals.csproj", "{D7B45229-DB9E-449C-9B41-076884954AC3}"
EndProject
Project("{FAE04EC0-301F-11D3-BF4B-00C04F79EFBC}") = "API.Notifications", "API.Notifications\API.Notifications.csproj", "{8824004C-13D4-4494-A659-C9B79B49F41E}"
EndProject
Project("{FAE04EC0-301F-11D3-BF4B-00C04F79EFBC}") = "API.FixedIncomes", "API.FixedIncomes\API.FixedIncomes.csproj", "{E7453931-6C36-4E97-BFE4-0CB37F3E1F52}"
EndProject
Global
	GlobalSection(SolutionConfigurationPlatforms) = preSolution
		Debug|Any CPU = Debug|Any CPU
		Debug|x64 = Debug|x64
		Debug|x86 = Debug|x86
		Release|Any CPU = Release|Any CPU
		Release|x64 = Release|x64
		Release|x86 = Release|x86
	EndGlobalSection
	GlobalSection(ProjectConfigurationPlatforms) = postSolution
		{CBFA08EA-AECE-205F-7B85-326FD0B81BAD}.Debug|Any CPU.ActiveCfg = Debug|Any CPU
		{CBFA08EA-AECE-205F-7B85-326FD0B81BAD}.Debug|Any CPU.Build.0 = Debug|Any CPU
		{CBFA08EA-AECE-205F-7B85-326FD0B81BAD}.Debug|x64.ActiveCfg = Debug|Any CPU
		{CBFA08EA-AECE-205F-7B85-326FD0B81BAD}.Debug|x64.Build.0 = Debug|Any CPU
		{CBFA08EA-AECE-205F-7B85-326FD0B81BAD}.Debug|x86.ActiveCfg = Debug|Any CPU
		{CBFA08EA-AECE-205F-7B85-326FD0B81BAD}.Debug|x86.Build.0 = Debug|Any CPU
		{CBFA08EA-AECE-205F-7B85-326FD0B81BAD}.Release|Any CPU.ActiveCfg = Release|Any CPU
		{CBFA08EA-AECE-205F-7B85-326FD0B81BAD}.Release|Any CPU.Build.0 = Release|Any CPU
		{CBFA08EA-AECE-205F-7B85-326FD0B81BAD}.Release|x64.ActiveCfg = Release|Any CPU
		{CBFA08EA-AECE-205F-7B85-326FD0B81BAD}.Release|x64.Build.0 = Release|Any CPU
		{CBFA08EA-AECE-205F-7B85-326FD0B81BAD}.Release|x86.ActiveCfg = Release|Any CPU
		{CBFA08EA-AECE-205F-7B85-326FD0B81BAD}.Release|x86.Build.0 = Release|Any CPU
		{7E139F34-F725-410B-9B57-49C086B1F6EF}.Debug|Any CPU.ActiveCfg = Debug|Any CPU
		{7E139F34-F725-410B-9B57-49C086B1F6EF}.Debug|Any CPU.Build.0 = Debug|Any CPU
		{7E139F34-F725-410B-9B57-49C086B1F6EF}.Debug|x64.ActiveCfg = Debug|Any CPU
		{7E139F34-F725-410B-9B57-49C086B1F6EF}.Debug|x64.Build.0 = Debug|Any CPU
		{7E139F34-F725-410B-9B57-49C086B1F6EF}.Debug|x86.ActiveCfg = Debug|Any CPU
		{7E139F34-F725-410B-9B57-49C086B1F6EF}.Debug|x86.Build.0 = Debug|Any CPU
		{7E139F34-F725-410B-9B57-49C086B1F6EF}.Release|Any CPU.ActiveCfg = Release|Any CPU
		{7E139F34-F725-410B-9B57-49C086B1F6EF}.Release|Any CPU.Build.0 = Release|Any CPU
		{7E139F34-F725-410B-9B57-49C086B1F6EF}.Release|x64.ActiveCfg = Release|Any CPU
		{7E139F34-F725-410B-9B57-49C086B1F6EF}.Release|x64.Build.0 = Release|Any CPU
		{7E139F34-F725-410B-9B57-49C086B1F6EF}.Release|x86.ActiveCfg = Release|Any CPU
		{7E139F34-F725-410B-9B57-49C086B1F6EF}.Release|x86.Build.0 = Release|Any CPU
		{37AA386D-7184-4CD5-B17C-1F384B9AC231}.Debug|Any CPU.ActiveCfg = Debug|Any CPU
		{37AA386D-7184-4CD5-B17C-1F384B9AC231}.Debug|Any CPU.Build.0 = Debug|Any CPU
		{37AA386D-7184-4CD5-B17C-1F384B9AC231}.Debug|x64.ActiveCfg = Debug|Any CPU
		{37AA386D-7184-4CD5-B17C-1F384B9AC231}.Debug|x64.Build.0 = Debug|Any CPU
		{37AA386D-7184-4CD5-B17C-1F384B9AC231}.Debug|x86.ActiveCfg = Debug|Any CPU
		{37AA386D-7184-4CD5-B17C-1F384B9AC231}.Debug|x86.Build.0 = Debug|Any CPU
		{37AA386D-7184-4CD5-B17C-1F384B9AC231}.Release|Any CPU.ActiveCfg = Release|Any CPU
		{37AA386D-7184-4CD5-B17C-1F384B9AC231}.Release|Any CPU.Build.0 = Release|Any CPU
		{37AA386D-7184-4CD5-B17C-1F384B9AC231}.Release|x64.ActiveCfg = Release|Any CPU
		{37AA386D-7184-4CD5-B17C-1F384B9AC231}.Release|x64.Build.0 = Release|Any CPU
		{37AA386D-7184-4CD5-B17C-1F384B9AC231}.Release|x86.ActiveCfg = Release|Any CPU
		{37AA386D-7184-4CD5-B17C-1F384B9AC231}.Release|x86.Build.0 = Release|Any CPU
		{906862BE-416C-483F-8440-85F39FBC450D}.Debug|Any CPU.ActiveCfg = Debug|Any CPU
		{906862BE-416C-483F-8440-85F39FBC450D}.Debug|Any CPU.Build.0 = Debug|Any CPU
		{906862BE-416C-483F-8440-85F39FBC450D}.Debug|x64.ActiveCfg = Debug|Any CPU
		{906862BE-416C-483F-8440-85F39FBC450D}.Debug|x64.Build.0 = Debug|Any CPU
		{906862BE-416C-483F-8440-85F39FBC450D}.Debug|x86.ActiveCfg = Debug|Any CPU
		{906862BE-416C-483F-8440-85F39FBC450D}.Debug|x86.Build.0 = Debug|Any CPU
		{906862BE-416C-483F-8440-85F39FBC450D}.Release|Any CPU.ActiveCfg = Release|Any CPU
		{906862BE-416C-483F-8440-85F39FBC450D}.Release|Any CPU.Build.0 = Release|Any CPU
		{906862BE-416C-483F-8440-85F39FBC450D}.Release|x64.ActiveCfg = Release|Any CPU
		{906862BE-416C-483F-8440-85F39FBC450D}.Release|x64.Build.0 = Release|Any CPU
		{906862BE-416C-483F-8440-85F39FBC450D}.Release|x86.ActiveCfg = Release|Any CPU
		{906862BE-416C-483F-8440-85F39FBC450D}.Release|x86.Build.0 = Release|Any CPU
		{11EB6E96-99A4-488E-8111-24F9BDF71CDD}.Debug|Any CPU.ActiveCfg = Debug|Any CPU
		{11EB6E96-99A4-488E-8111-24F9BDF71CDD}.Debug|Any CPU.Build.0 = Debug|Any CPU
		{11EB6E96-99A4-488E-8111-24F9BDF71CDD}.Debug|x64.ActiveCfg = Debug|Any CPU
		{11EB6E96-99A4-488E-8111-24F9BDF71CDD}.Debug|x64.Build.0 = Debug|Any CPU
		{11EB6E96-99A4-488E-8111-24F9BDF71CDD}.Debug|x86.ActiveCfg = Debug|Any CPU
		{11EB6E96-99A4-488E-8111-24F9BDF71CDD}.Debug|x86.Build.0 = Debug|Any CPU
		{11EB6E96-99A4-488E-8111-24F9BDF71CDD}.Release|Any CPU.ActiveCfg = Release|Any CPU
		{11EB6E96-99A4-488E-8111-24F9BDF71CDD}.Release|Any CPU.Build.0 = Release|Any CPU
		{11EB6E96-99A4-488E-8111-24F9BDF71CDD}.Release|x64.ActiveCfg = Release|Any CPU
		{11EB6E96-99A4-488E-8111-24F9BDF71CDD}.Release|x64.Build.0 = Release|Any CPU
		{11EB6E96-99A4-488E-8111-24F9BDF71CDD}.Release|x86.ActiveCfg = Release|Any CPU
		{11EB6E96-99A4-488E-8111-24F9BDF71CDD}.Release|x86.Build.0 = Release|Any CPU
		{D54F68FA-476A-4C9E-9F2B-C2DB51BE8E8B}.Debug|Any CPU.ActiveCfg = Debug|Any CPU
		{D54F68FA-476A-4C9E-9F2B-C2DB51BE8E8B}.Debug|Any CPU.Build.0 = Debug|Any CPU
		{D54F68FA-476A-4C9E-9F2B-C2DB51BE8E8B}.Debug|x64.ActiveCfg = Debug|Any CPU
		{D54F68FA-476A-4C9E-9F2B-C2DB51BE8E8B}.Debug|x64.Build.0 = Debug|Any CPU
		{D54F68FA-476A-4C9E-9F2B-C2DB51BE8E8B}.Debug|x86.ActiveCfg = Debug|Any CPU
		{D54F68FA-476A-4C9E-9F2B-C2DB51BE8E8B}.Debug|x86.Build.0 = Debug|Any CPU
		{D54F68FA-476A-4C9E-9F2B-C2DB51BE8E8B}.Release|Any CPU.ActiveCfg = Release|Any CPU
		{D54F68FA-476A-4C9E-9F2B-C2DB51BE8E8B}.Release|Any CPU.Build.0 = Release|Any CPU
		{D54F68FA-476A-4C9E-9F2B-C2DB51BE8E8B}.Release|x64.ActiveCfg = Release|Any CPU
		{D54F68FA-476A-4C9E-9F2B-C2DB51BE8E8B}.Release|x64.Build.0 = Release|Any CPU
		{D54F68FA-476A-4C9E-9F2B-C2DB51BE8E8B}.Release|x86.ActiveCfg = Release|Any CPU
		{D54F68FA-476A-4C9E-9F2B-C2DB51BE8E8B}.Release|x86.Build.0 = Release|Any CPU
		{F376CFA7-5940-4A21-95D6-1FB5BE30B947}.Debug|Any CPU.ActiveCfg = Debug|Any CPU
		{F376CFA7-5940-4A21-95D6-1FB5BE30B947}.Debug|Any CPU.Build.0 = Debug|Any CPU
		{F376CFA7-5940-4A21-95D6-1FB5BE30B947}.Debug|x64.ActiveCfg = Debug|Any CPU
		{F376CFA7-5940-4A21-95D6-1FB5BE30B947}.Debug|x64.Build.0 = Debug|Any CPU
		{F376CFA7-5940-4A21-95D6-1FB5BE30B947}.Debug|x86.ActiveCfg = Debug|Any CPU
		{F376CFA7-5940-4A21-95D6-1FB5BE30B947}.Debug|x86.Build.0 = Debug|Any CPU
		{F376CFA7-5940-4A21-95D6-1FB5BE30B947}.Release|Any CPU.ActiveCfg = Release|Any CPU
		{F376CFA7-5940-4A21-95D6-1FB5BE30B947}.Release|Any CPU.Build.0 = Release|Any CPU
		{F376CFA7-5940-4A21-95D6-1FB5BE30B947}.Release|x64.ActiveCfg = Release|Any CPU
		{F376CFA7-5940-4A21-95D6-1FB5BE30B947}.Release|x64.Build.0 = Release|Any CPU
		{F376CFA7-5940-4A21-95D6-1FB5BE30B947}.Release|x86.ActiveCfg = Release|Any CPU
		{F376CFA7-5940-4A21-95D6-1FB5BE30B947}.Release|x86.Build.0 = Release|Any CPU
		{D7B45229-DB9E-449C-9B41-076884954AC3}.Debug|Any CPU.ActiveCfg = Debug|Any CPU
		{D7B45229-DB9E-449C-9B41-076884954AC3}.Debug|Any CPU.Build.0 = Debug|Any CPU
		{D7B45229-DB9E-449C-9B41-076884954AC3}.Debug|x64.ActiveCfg = Debug|Any CPU
		{D7B45229-DB9E-449C-9B41-076884954AC3}.Debug|x64.Build.0 = Debug|Any CPU
		{D7B45229-DB9E-449C-9B41-076884954AC3}.Debug|x86.ActiveCfg = Debug|Any CPU
		{D7B45229-DB9E-449C-9B41-076884954AC3}.Debug|x86.Build.0 = Debug|Any CPU
		{D7B45229-DB9E-449C-9B41-076884954AC3}.Release|Any CPU.ActiveCfg = Release|Any CPU
		{D7B45229-DB9E-449C-9B41-076884954AC3}.Release|Any CPU.Build.0 = Release|Any CPU
		{D7B45229-DB9E-449C-9B41-076884954AC3}.Release|x64.ActiveCfg = Release|Any CPU
		{D7B45229-DB9E-449C-9B41-076884954AC3}.Release|x64.Build.0 = Release|Any CPU
		{D7B45229-DB9E-449C-9B41-076884954AC3}.Release|x86.ActiveCfg = Release|Any CPU
		{D7B45229-DB9E-449C-9B41-076884954AC3}.Release|x86.Build.0 = Release|Any CPU
		{8824004C-13D4-4494-A659-C9B79B49F41E}.Debug|Any CPU.ActiveCfg = Debug|Any CPU
		{8824004C-13D4-4494-A659-C9B79B49F41E}.Debug|Any CPU.Build.0 = Debug|Any CPU
		{8824004C-13D4-4494-A659-C9B79B49F41E}.Debug|x64.ActiveCfg = Debug|Any CPU
		{8824004C-13D4-4494-A659-C9B79B49F41E}.Debug|x64.Build.0 = Debug|Any CPU
		{8824004C-13D4-4494-A659-C9B79B49F41E}.Debug|x86.ActiveCfg = Debug|Any CPU
		{8824004C-13D4-4494-A659-C9B79B49F41E}.Debug|x86.Build.0 = Debug|Any CPU
		{8824004C-13D4-4494-A659-C9B79B49F41E}.Release|Any CPU.ActiveCfg = Release|Any CPU
		{8824004C-13D4-4494-A659-C9B79B49F41E}.Release|Any CPU.Build.0 = Release|Any CPU
		{8824004C-13D4-4494-A659-C9B79B49F41E}.Release|x64.ActiveCfg = Release|Any CPU
		{8824004C-13D4-4494-A659-C9B79B49F41E}.Release|x64.Build.0 = Release|Any CPU
		{8824004C-13D4-4494-A659-C9B79B49F41E}.Release|x86.ActiveCfg = Release|Any CPU
		{8824004C-13D4-4494-A659-C9B79B49F41E}.Release|x86.Build.0 = Release|Any CPU
		{E7453931-6C36-4E97-BFE4-0CB37F3E1F52}.Debug|Any CPU.ActiveCfg = Debug|Any CPU
		{E7453931-6C36-4E97-BFE4-0CB37F3E1F52}.Debug|Any CPU.Build.0 = Debug|Any CPU
		{E7453931-6C36-4E97-BFE4-0CB37F3E1F52}.Debug|x64.ActiveCfg = Debug|Any CPU
		{E7453931-6C36-4E97-BFE4-0CB37F3E1F52}.Debug|x64.Build.0 = Debug|Any CPU
		{E7453931-6C36-4E97-BFE4-0CB37F3E1F52}.Debug|x86.ActiveCfg = Debug|Any CPU
		{E7453931-6C36-4E97-BFE4-0CB37F3E1F52}.Debug|x86.Build.0 = Debug|Any CPU
		{E7453931-6C36-4E97-BFE4-0CB37F3E1F52}.Release|Any CPU.ActiveCfg = Release|Any CPU
		{E7453931-6C36-4E97-BFE4-0CB37F3E1F52}.Release|Any CPU.Build.0 = Release|Any CPU
		{E7453931-6C36-4E97-BFE4-0CB37F3E1F52}.Release|x64.ActiveCfg = Release|Any CPU
		{E7453931-6C36-4E97-BFE4-0CB37F3E1F52}.Release|x64.Build.0 = Release|Any CPU
		{E7453931-6C36-4E97-BFE4-0CB37F3E1F52}.Release|x86.ActiveCfg = Release|Any CPU
		{E7453931-6C36-4E97-BFE4-0CB37F3E1F52}.Release|x86.Build.0 = Release|Any CPU
	EndGlobalSection
	GlobalSection(SolutionProperties) = preSolution
		HideSolutionNode = FALSE
	EndGlobalSection
	GlobalSection(ExtensibilityGlobals) = postSolution
		SolutionGuid = {4359BF33-3514-4FD3-A607-9ABB4507D054}
	EndGlobalSection
EndGlobal
